
Microsoft Visual Studio Solution File, Format Version 12.00
# Visual Studio Version 16
VisualStudioVersion = 16.0.30114.105
MinimumVisualStudioVersion = 10.0.40219.1
Project("{FAE04EC0-301F-11D3-BF4B-00C04F79EFBC}") = "CSharpReference", "CSharpReference\CSharpReference.csproj", "{1062EED0-267F-41FC-9E24-9CC4E1E86985}"
EndProject
Global
	GlobalSection(SolutionConfigurationPlatforms) = preSolution
		Debug|Any CPU = Debug|Any CPU
		Release|Any CPU = Release|Any CPU
	EndGlobalSection
	GlobalSection(ProjectConfigurationPlatforms) = postSolution
		{1062EED0-267F-41FC-9E24-9CC4E1E86985}.Debug|Any CPU.ActiveCfg = Debug|Any CPU
		{1062EED0-267F-41FC-9E24-9CC4E1E86985}.Debug|Any CPU.Build.0 = Debug|Any CPU
		{1062EED0-267F-41FC-9E24-9CC4E1E86985}.Release|Any CPU.ActiveCfg = Release|Any CPU
		{1062EED0-267F-41FC-9E24-9CC4E1E86985}.Release|Any CPU.Build.0 = Release|Any CPU
	EndGlobalSection
	GlobalSection(SolutionProperties) = preSolution
		HideSolutionNode = FALSE
	EndGlobalSection
	GlobalSection(ExtensibilityGlobals) = postSolution
		SolutionGuid = {4262F01D-FA5C-4322-A813-E2B1FF0DDCEC}
	EndGlobalSection
EndGlobal
